
Microsoft Visual Studio Solution File, Format Version 12.00
# Visual Studio 2013
VisualStudioVersion = 12.0.31101.0
MinimumVisualStudioVersion = 10.0.40219.1
Project("{8BC9CEB8-8B4A-11D0-8D11-00A0C91BC942}") = "Frontier.Engine", "ThirdParty\Frontier.Engine\Frontier.Engine.vcxproj", "{69CF6053-8569-452C-8C13-DC6C8CC25814}"
EndProject
Project("{8BC9CEB8-8B4A-11D0-8D11-00A0C91BC942}") = "glew_static", "ThirdParty\glew-1.11.0\build\vc12\glew_static.vcxproj", "{664E6F0D-6784-4760-9565-D54F8EB1EDF4}"
EndProject
Project("{8BC9CEB8-8B4A-11D0-8D11-00A0C91BC942}") = "freetype", "ThirdParty\freetype2\builds\windows\vc2010\freetype.vcxproj", "{78B079BD-9FC7-4B9E-B4A6-96DA0F00248B}"
EndProject
Project("{8BC9CEB8-8B4A-11D0-8D11-00A0C91BC942}") = "freetype-gl", "ThirdParty\freetype-gl\freetype-gl.vcxproj", "{BE94D4A8-8B8F-4057-8BF3-0E5FFE36559D}"
EndProject
Project("{8BC9CEB8-8B4A-11D0-8D11-00A0C91BC942}") = "glfw", "ThirdParty\glfw\src\glfw.vcxproj", "{80136991-48D2-40DF-9345-17C8AFE0147D}"
EndProject
Project("{8BC9CEB8-8B4A-11D0-8D11-00A0C91BC942}") = "Avionics", "Avionics\Avionics.vcxproj", "{5D684E1E-7AA6-4487-9790-A2CA41AC576B}"
EndProject
Project("{8BC9CEB8-8B4A-11D0-8D11-00A0C91BC942}") = "Avionics.GUI", "Avionics.GUI\Avionics.GUI.vcxproj", "{2B9C733A-543B-4CE1-B4FC-8626A1F1ABBA}"
EndProject
Global
	GlobalSection(SolutionConfigurationPlatforms) = preSolution
		Debug Multithreaded|ARM = Debug Multithreaded|ARM
		Debug Multithreaded|Mixed Platforms = Debug Multithreaded|Mixed Platforms
		Debug Multithreaded|Win32 = Debug Multithreaded|Win32
		Debug Multithreaded|x64 = Debug Multithreaded|x64
		Debug MX|ARM = Debug MX|ARM
		Debug MX|Mixed Platforms = Debug MX|Mixed Platforms
		Debug MX|Win32 = Debug MX|Win32
		Debug MX|x64 = Debug MX|x64
		Debug Singlethreaded|ARM = Debug Singlethreaded|ARM
		Debug Singlethreaded|Mixed Platforms = Debug Singlethreaded|Mixed Platforms
		Debug Singlethreaded|Win32 = Debug Singlethreaded|Win32
		Debug Singlethreaded|x64 = Debug Singlethreaded|x64
		Debug|ARM = Debug|ARM
		Debug|Mixed Platforms = Debug|Mixed Platforms
		Debug|Win32 = Debug|Win32
		Debug|x64 = Debug|x64
		MinSizeRel|ARM = MinSizeRel|ARM
		MinSizeRel|Mixed Platforms = MinSizeRel|Mixed Platforms
		MinSizeRel|Win32 = MinSizeRel|Win32
		MinSizeRel|x64 = MinSizeRel|x64
		Release Multithreaded|ARM = Release Multithreaded|ARM
		Release Multithreaded|Mixed Platforms = Release Multithreaded|Mixed Platforms
		Release Multithreaded|Win32 = Release Multithreaded|Win32
		Release Multithreaded|x64 = Release Multithreaded|x64
		Release MX|ARM = Release MX|ARM
		Release MX|Mixed Platforms = Release MX|Mixed Platforms
		Release MX|Win32 = Release MX|Win32
		Release MX|x64 = Release MX|x64
		Release Singlethreaded|ARM = Release Singlethreaded|ARM
		Release Singlethreaded|Mixed Platforms = Release Singlethreaded|Mixed Platforms
		Release Singlethreaded|Win32 = Release Singlethreaded|Win32
		Release Singlethreaded|x64 = Release Singlethreaded|x64
		Release|ARM = Release|ARM
		Release|Mixed Platforms = Release|Mixed Platforms
		Release|Win32 = Release|Win32
		Release|x64 = Release|x64
		RelWithDebInfo|ARM = RelWithDebInfo|ARM
		RelWithDebInfo|Mixed Platforms = RelWithDebInfo|Mixed Platforms
		RelWithDebInfo|Win32 = RelWithDebInfo|Win32
		RelWithDebInfo|x64 = RelWithDebInfo|x64
	EndGlobalSection
	GlobalSection(ProjectConfigurationPlatforms) = postSolution
		{69CF6053-8569-452C-8C13-DC6C8CC25814}.Debug Multithreaded|ARM.ActiveCfg = Debug|Win32
		{69CF6053-8569-452C-8C13-DC6C8CC25814}.Debug Multithreaded|Mixed Platforms.ActiveCfg = Debug|Win32
		{69CF6053-8569-452C-8C13-DC6C8CC25814}.Debug Multithreaded|Mixed Platforms.Build.0 = Debug|Win32
		{69CF6053-8569-452C-8C13-DC6C8CC25814}.Debug Multithreaded|Win32.ActiveCfg = Debug|Win32
		{69CF6053-8569-452C-8C13-DC6C8CC25814}.Debug Multithreaded|Win32.Build.0 = Debug|Win32
		{69CF6053-8569-452C-8C13-DC6C8CC25814}.Debug Multithreaded|x64.ActiveCfg = Debug|x64
		{69CF6053-8569-452C-8C13-DC6C8CC25814}.Debug Multithreaded|x64.Build.0 = Debug|x64
		{69CF6053-8569-452C-8C13-DC6C8CC25814}.Debug MX|ARM.ActiveCfg = Debug|Win32
		{69CF6053-8569-452C-8C13-DC6C8CC25814}.Debug MX|Mixed Platforms.ActiveCfg = Debug|Win32
		{69CF6053-8569-452C-8C13-DC6C8CC25814}.Debug MX|Mixed Platforms.Build.0 = Debug|Win32
		{69CF6053-8569-452C-8C13-DC6C8CC25814}.Debug MX|Win32.ActiveCfg = Debug|Win32
		{69CF6053-8569-452C-8C13-DC6C8CC25814}.Debug MX|Win32.Build.0 = Debug|Win32
		{69CF6053-8569-452C-8C13-DC6C8CC25814}.Debug MX|x64.ActiveCfg = Debug|Win32
		{69CF6053-8569-452C-8C13-DC6C8CC25814}.Debug Singlethreaded|ARM.ActiveCfg = Debug|Win32
		{69CF6053-8569-452C-8C13-DC6C8CC25814}.Debug Singlethreaded|Mixed Platforms.ActiveCfg = Debug|Win32
		{69CF6053-8569-452C-8C13-DC6C8CC25814}.Debug Singlethreaded|Mixed Platforms.Build.0 = Debug|Win32
		{69CF6053-8569-452C-8C13-DC6C8CC25814}.Debug Singlethreaded|Win32.ActiveCfg = Debug|Win32
		{69CF6053-8569-452C-8C13-DC6C8CC25814}.Debug Singlethreaded|Win32.Build.0 = Debug|Win32
		{69CF6053-8569-452C-8C13-DC6C8CC25814}.Debug Singlethreaded|x64.ActiveCfg = Debug|x64
		{69CF6053-8569-452C-8C13-DC6C8CC25814}.Debug Singlethreaded|x64.Build.0 = Debug|x64
		{69CF6053-8569-452C-8C13-DC6C8CC25814}.Debug|ARM.ActiveCfg = Debug|Win32
		{69CF6053-8569-452C-8C13-DC6C8CC25814}.Debug|Mixed Platforms.ActiveCfg = Debug|Win32
		{69CF6053-8569-452C-8C13-DC6C8CC25814}.Debug|Mixed Platforms.Build.0 = Debug|Win32
		{69CF6053-8569-452C-8C13-DC6C8CC25814}.Debug|Win32.ActiveCfg = Debug|Win32
		{69CF6053-8569-452C-8C13-DC6C8CC25814}.Debug|Win32.Build.0 = Debug|Win32
		{69CF6053-8569-452C-8C13-DC6C8CC25814}.Debug|x64.ActiveCfg = Debug|x64
		{69CF6053-8569-452C-8C13-DC6C8CC25814}.Debug|x64.Build.0 = Debug|x64
		{69CF6053-8569-452C-8C13-DC6C8CC25814}.MinSizeRel|ARM.ActiveCfg = Release|Win32
		{69CF6053-8569-452C-8C13-DC6C8CC25814}.MinSizeRel|Mixed Platforms.ActiveCfg = Release|Win32
		{69CF6053-8569-452C-8C13-DC6C8CC25814}.MinSizeRel|Mixed Platforms.Build.0 = Release|Win32
		{69CF6053-8569-452C-8C13-DC6C8CC25814}.MinSizeRel|Win32.ActiveCfg = Release|Win32
		{69CF6053-8569-452C-8C13-DC6C8CC25814}.MinSizeRel|Win32.Build.0 = Release|Win32
		{69CF6053-8569-452C-8C13-DC6C8CC25814}.MinSizeRel|x64.ActiveCfg = Release|Win32
		{69CF6053-8569-452C-8C13-DC6C8CC25814}.Release Multithreaded|ARM.ActiveCfg = Release|Win32
		{69CF6053-8569-452C-8C13-DC6C8CC25814}.Release Multithreaded|Mixed Platforms.ActiveCfg = Release|Win32
		{69CF6053-8569-452C-8C13-DC6C8CC25814}.Release Multithreaded|Mixed Platforms.Build.0 = Release|Win32
		{69CF6053-8569-452C-8C13-DC6C8CC25814}.Release Multithreaded|Win32.ActiveCfg = Release|Win32
		{69CF6053-8569-452C-8C13-DC6C8CC25814}.Release Multithreaded|Win32.Build.0 = Release|Win32
		{69CF6053-8569-452C-8C13-DC6C8CC25814}.Release Multithreaded|x64.ActiveCfg = Release|x64
		{69CF6053-8569-452C-8C13-DC6C8CC25814}.Release Multithreaded|x64.Build.0 = Release|x64
		{69CF6053-8569-452C-8C13-DC6C8CC25814}.Release MX|ARM.ActiveCfg = Release|Win32
		{69CF6053-8569-452C-8C13-DC6C8CC25814}.Release MX|Mixed Platforms.ActiveCfg = Release|Win32
		{69CF6053-8569-452C-8C13-DC6C8CC25814}.Release MX|Mixed Platforms.Build.0 = Release|Win32
		{69CF6053-8569-452C-8C13-DC6C8CC25814}.Release MX|Win32.ActiveCfg = Release|Win32
		{69CF6053-8569-452C-8C13-DC6C8CC25814}.Release MX|Win32.Build.0 = Release|Win32
		{69CF6053-8569-452C-8C13-DC6C8CC25814}.Release MX|x64.ActiveCfg = Release|Win32
		{69CF6053-8569-452C-8C13-DC6C8CC25814}.Release Singlethreaded|ARM.ActiveCfg = Release|Win32
		{69CF6053-8569-452C-8C13-DC6C8CC25814}.Release Singlethreaded|Mixed Platforms.ActiveCfg = Release|Win32
		{69CF6053-8569-452C-8C13-DC6C8CC25814}.Release Singlethreaded|Mixed Platforms.Build.0 = Release|Win32
		{69CF6053-8569-452C-8C13-DC6C8CC25814}.Release Singlethreaded|Win32.ActiveCfg = Release|Win32
		{69CF6053-8569-452C-8C13-DC6C8CC25814}.Release Singlethreaded|Win32.Build.0 = Release|Win32
		{69CF6053-8569-452C-8C13-DC6C8CC25814}.Release Singlethreaded|x64.ActiveCfg = Release|x64
		{69CF6053-8569-452C-8C13-DC6C8CC25814}.Release Singlethreaded|x64.Build.0 = Release|x64
		{69CF6053-8569-452C-8C13-DC6C8CC25814}.Release|ARM.ActiveCfg = Release|Win32
		{69CF6053-8569-452C-8C13-DC6C8CC25814}.Release|Mixed Platforms.ActiveCfg = Release|Win32
		{69CF6053-8569-452C-8C13-DC6C8CC25814}.Release|Mixed Platforms.Build.0 = Release|Win32
		{69CF6053-8569-452C-8C13-DC6C8CC25814}.Release|Win32.ActiveCfg = Release|Win32
		{69CF6053-8569-452C-8C13-DC6C8CC25814}.Release|Win32.Build.0 = Release|Win32
		{69CF6053-8569-452C-8C13-DC6C8CC25814}.Release|x64.ActiveCfg = Release|x64
		{69CF6053-8569-452C-8C13-DC6C8CC25814}.Release|x64.Build.0 = Release|x64
		{69CF6053-8569-452C-8C13-DC6C8CC25814}.RelWithDebInfo|ARM.ActiveCfg = Release|Win32
		{69CF6053-8569-452C-8C13-DC6C8CC25814}.RelWithDebInfo|Mixed Platforms.ActiveCfg = Release|Win32
		{69CF6053-8569-452C-8C13-DC6C8CC25814}.RelWithDebInfo|Mixed Platforms.Build.0 = Release|Win32
		{69CF6053-8569-452C-8C13-DC6C8CC25814}.RelWithDebInfo|Win32.ActiveCfg = Release|Win32
		{69CF6053-8569-452C-8C13-DC6C8CC25814}.RelWithDebInfo|Win32.Build.0 = Release|Win32
		{69CF6053-8569-452C-8C13-DC6C8CC25814}.RelWithDebInfo|x64.ActiveCfg = Release|Win32
		{664E6F0D-6784-4760-9565-D54F8EB1EDF4}.Debug Multithreaded|ARM.ActiveCfg = Debug MX|Win32
		{664E6F0D-6784-4760-9565-D54F8EB1EDF4}.Debug Multithreaded|Mixed Platforms.ActiveCfg = Debug MX|Win32
		{664E6F0D-6784-4760-9565-D54F8EB1EDF4}.Debug Multithreaded|Mixed Platforms.Build.0 = Debug MX|Win32
		{664E6F0D-6784-4760-9565-D54F8EB1EDF4}.Debug Multithreaded|Win32.ActiveCfg = Debug MX|Win32
		{664E6F0D-6784-4760-9565-D54F8EB1EDF4}.Debug Multithreaded|Win32.Build.0 = Debug MX|Win32
		{664E6F0D-6784-4760-9565-D54F8EB1EDF4}.Debug Multithreaded|x64.ActiveCfg = Debug MX|x64
		{664E6F0D-6784-4760-9565-D54F8EB1EDF4}.Debug Multithreaded|x64.Build.0 = Debug MX|x64
		{664E6F0D-6784-4760-9565-D54F8EB1EDF4}.Debug MX|ARM.ActiveCfg = Debug MX|Win32
		{664E6F0D-6784-4760-9565-D54F8EB1EDF4}.Debug MX|Mixed Platforms.ActiveCfg = Debug MX|Win32
		{664E6F0D-6784-4760-9565-D54F8EB1EDF4}.Debug MX|Mixed Platforms.Build.0 = Debug MX|Win32
		{664E6F0D-6784-4760-9565-D54F8EB1EDF4}.Debug MX|Win32.ActiveCfg = Debug MX|Win32
		{664E6F0D-6784-4760-9565-D54F8EB1EDF4}.Debug MX|Win32.Build.0 = Debug MX|Win32
		{664E6F0D-6784-4760-9565-D54F8EB1EDF4}.Debug MX|x64.ActiveCfg = Debug MX|x64
		{664E6F0D-6784-4760-9565-D54F8EB1EDF4}.Debug MX|x64.Build.0 = Debug MX|x64
		{664E6F0D-6784-4760-9565-D54F8EB1EDF4}.Debug Singlethreaded|ARM.ActiveCfg = Debug MX|Win32
		{664E6F0D-6784-4760-9565-D54F8EB1EDF4}.Debug Singlethreaded|Mixed Platforms.ActiveCfg = Debug MX|Win32
		{664E6F0D-6784-4760-9565-D54F8EB1EDF4}.Debug Singlethreaded|Mixed Platforms.Build.0 = Debug MX|Win32
		{664E6F0D-6784-4760-9565-D54F8EB1EDF4}.Debug Singlethreaded|Win32.ActiveCfg = Debug MX|Win32
		{664E6F0D-6784-4760-9565-D54F8EB1EDF4}.Debug Singlethreaded|Win32.Build.0 = Debug MX|Win32
		{664E6F0D-6784-4760-9565-D54F8EB1EDF4}.Debug Singlethreaded|x64.ActiveCfg = Debug MX|x64
		{664E6F0D-6784-4760-9565-D54F8EB1EDF4}.Debug Singlethreaded|x64.Build.0 = Debug MX|x64
		{664E6F0D-6784-4760-9565-D54F8EB1EDF4}.Debug|ARM.ActiveCfg = Debug|Win32
		{664E6F0D-6784-4760-9565-D54F8EB1EDF4}.Debug|Mixed Platforms.ActiveCfg = Debug|Win32
		{664E6F0D-6784-4760-9565-D54F8EB1EDF4}.Debug|Mixed Platforms.Build.0 = Debug|Win32
		{664E6F0D-6784-4760-9565-D54F8EB1EDF4}.Debug|Win32.ActiveCfg = Debug|Win32
		{664E6F0D-6784-4760-9565-D54F8EB1EDF4}.Debug|Win32.Build.0 = Debug|Win32
		{664E6F0D-6784-4760-9565-D54F8EB1EDF4}.Debug|x64.ActiveCfg = Debug|x64
		{664E6F0D-6784-4760-9565-D54F8EB1EDF4}.Debug|x64.Build.0 = Debug|x64
		{664E6F0D-6784-4760-9565-D54F8EB1EDF4}.MinSizeRel|ARM.ActiveCfg = Debug MX|Win32
		{664E6F0D-6784-4760-9565-D54F8EB1EDF4}.MinSizeRel|Mixed Platforms.ActiveCfg = Debug MX|Win32
		{664E6F0D-6784-4760-9565-D54F8EB1EDF4}.MinSizeRel|Mixed Platforms.Build.0 = Debug MX|Win32
		{664E6F0D-6784-4760-9565-D54F8EB1EDF4}.MinSizeRel|Win32.ActiveCfg = Debug MX|Win32
		{664E6F0D-6784-4760-9565-D54F8EB1EDF4}.MinSizeRel|Win32.Build.0 = Debug MX|Win32
		{664E6F0D-6784-4760-9565-D54F8EB1EDF4}.MinSizeRel|x64.ActiveCfg = Debug MX|x64
		{664E6F0D-6784-4760-9565-D54F8EB1EDF4}.MinSizeRel|x64.Build.0 = Debug MX|x64
		{664E6F0D-6784-4760-9565-D54F8EB1EDF4}.Release Multithreaded|ARM.ActiveCfg = Release MX|Win32
		{664E6F0D-6784-4760-9565-D54F8EB1EDF4}.Release Multithreaded|Mixed Platforms.ActiveCfg = Release MX|Win32
		{664E6F0D-6784-4760-9565-D54F8EB1EDF4}.Release Multithreaded|Mixed Platforms.Build.0 = Release MX|Win32
		{664E6F0D-6784-4760-9565-D54F8EB1EDF4}.Release Multithreaded|Win32.ActiveCfg = Release MX|Win32
		{664E6F0D-6784-4760-9565-D54F8EB1EDF4}.Release Multithreaded|Win32.Build.0 = Release MX|Win32
		{664E6F0D-6784-4760-9565-D54F8EB1EDF4}.Release Multithreaded|x64.ActiveCfg = Release MX|x64
		{664E6F0D-6784-4760-9565-D54F8EB1EDF4}.Release Multithreaded|x64.Build.0 = Release MX|x64
		{664E6F0D-6784-4760-9565-D54F8EB1EDF4}.Release MX|ARM.ActiveCfg = Release MX|Win32
		{664E6F0D-6784-4760-9565-D54F8EB1EDF4}.Release MX|Mixed Platforms.ActiveCfg = Release MX|Win32
		{664E6F0D-6784-4760-9565-D54F8EB1EDF4}.Release MX|Mixed Platforms.Build.0 = Release MX|Win32
		{664E6F0D-6784-4760-9565-D54F8EB1EDF4}.Release MX|Win32.ActiveCfg = Release MX|Win32
		{664E6F0D-6784-4760-9565-D54F8EB1EDF4}.Release MX|Win32.Build.0 = Release MX|Win32
		{664E6F0D-6784-4760-9565-D54F8EB1EDF4}.Release MX|x64.ActiveCfg = Release MX|x64
		{664E6F0D-6784-4760-9565-D54F8EB1EDF4}.Release MX|x64.Build.0 = Release MX|x64
		{664E6F0D-6784-4760-9565-D54F8EB1EDF4}.Release Singlethreaded|ARM.ActiveCfg = Release MX|Win32
		{664E6F0D-6784-4760-9565-D54F8EB1EDF4}.Release Singlethreaded|Mixed Platforms.ActiveCfg = Release MX|Win32
		{664E6F0D-6784-4760-9565-D54F8EB1EDF4}.Release Singlethreaded|Mixed Platforms.Build.0 = Release MX|Win32
		{664E6F0D-6784-4760-9565-D54F8EB1EDF4}.Release Singlethreaded|Win32.ActiveCfg = Release MX|Win32
		{664E6F0D-6784-4760-9565-D54F8EB1EDF4}.Release Singlethreaded|Win32.Build.0 = Release MX|Win32
		{664E6F0D-6784-4760-9565-D54F8EB1EDF4}.Release Singlethreaded|x64.ActiveCfg = Release MX|x64
		{664E6F0D-6784-4760-9565-D54F8EB1EDF4}.Release Singlethreaded|x64.Build.0 = Release MX|x64
		{664E6F0D-6784-4760-9565-D54F8EB1EDF4}.Release|ARM.ActiveCfg = Release|Win32
		{664E6F0D-6784-4760-9565-D54F8EB1EDF4}.Release|Mixed Platforms.ActiveCfg = Release|Win32
		{664E6F0D-6784-4760-9565-D54F8EB1EDF4}.Release|Mixed Platforms.Build.0 = Release|Win32
		{664E6F0D-6784-4760-9565-D54F8EB1EDF4}.Release|Win32.ActiveCfg = Release|Win32
		{664E6F0D-6784-4760-9565-D54F8EB1EDF4}.Release|Win32.Build.0 = Release|Win32
		{664E6F0D-6784-4760-9565-D54F8EB1EDF4}.Release|x64.ActiveCfg = Release|x64
		{664E6F0D-6784-4760-9565-D54F8EB1EDF4}.Release|x64.Build.0 = Release|x64
		{664E6F0D-6784-4760-9565-D54F8EB1EDF4}.RelWithDebInfo|ARM.ActiveCfg = Release MX|Win32
		{664E6F0D-6784-4760-9565-D54F8EB1EDF4}.RelWithDebInfo|Mixed Platforms.ActiveCfg = Release MX|Win32
		{664E6F0D-6784-4760-9565-D54F8EB1EDF4}.RelWithDebInfo|Mixed Platforms.Build.0 = Release MX|Win32
		{664E6F0D-6784-4760-9565-D54F8EB1EDF4}.RelWithDebInfo|Win32.ActiveCfg = Release MX|Win32
		{664E6F0D-6784-4760-9565-D54F8EB1EDF4}.RelWithDebInfo|Win32.Build.0 = Release MX|Win32
		{664E6F0D-6784-4760-9565-D54F8EB1EDF4}.RelWithDebInfo|x64.ActiveCfg = Release MX|x64
		{664E6F0D-6784-4760-9565-D54F8EB1EDF4}.RelWithDebInfo|x64.Build.0 = Release MX|x64
		{78B079BD-9FC7-4B9E-B4A6-96DA0F00248B}.Debug Multithreaded|ARM.ActiveCfg = Debug Multithreaded|Win32
		{78B079BD-9FC7-4B9E-B4A6-96DA0F00248B}.Debug Multithreaded|Mixed Platforms.ActiveCfg = Debug Multithreaded|Win32
		{78B079BD-9FC7-4B9E-B4A6-96DA0F00248B}.Debug Multithreaded|Mixed Platforms.Build.0 = Debug Multithreaded|Win32
		{78B079BD-9FC7-4B9E-B4A6-96DA0F00248B}.Debug Multithreaded|Win32.ActiveCfg = Debug Multithreaded|Win32
		{78B079BD-9FC7-4B9E-B4A6-96DA0F00248B}.Debug Multithreaded|Win32.Build.0 = Debug Multithreaded|Win32
		{78B079BD-9FC7-4B9E-B4A6-96DA0F00248B}.Debug Multithreaded|x64.ActiveCfg = Debug Multithreaded|x64
		{78B079BD-9FC7-4B9E-B4A6-96DA0F00248B}.Debug Multithreaded|x64.Build.0 = Debug Multithreaded|x64
		{78B079BD-9FC7-4B9E-B4A6-96DA0F00248B}.Debug MX|ARM.ActiveCfg = Debug Multithreaded|Win32
		{78B079BD-9FC7-4B9E-B4A6-96DA0F00248B}.Debug MX|Mixed Platforms.ActiveCfg = Debug Multithreaded|Win32
		{78B079BD-9FC7-4B9E-B4A6-96DA0F00248B}.Debug MX|Mixed Platforms.Build.0 = Debug Multithreaded|Win32
		{78B079BD-9FC7-4B9E-B4A6-96DA0F00248B}.Debug MX|Win32.ActiveCfg = Debug Multithreaded|Win32
		{78B079BD-9FC7-4B9E-B4A6-96DA0F00248B}.Debug MX|Win32.Build.0 = Debug Multithreaded|Win32
		{78B079BD-9FC7-4B9E-B4A6-96DA0F00248B}.Debug MX|x64.ActiveCfg = Debug Multithreaded|x64
		{78B079BD-9FC7-4B9E-B4A6-96DA0F00248B}.Debug MX|x64.Build.0 = Debug Multithreaded|x64
		{78B079BD-9FC7-4B9E-B4A6-96DA0F00248B}.Debug Singlethreaded|ARM.ActiveCfg = Debug Singlethreaded|Win32
		{78B079BD-9FC7-4B9E-B4A6-96DA0F00248B}.Debug Singlethreaded|Mixed Platforms.ActiveCfg = Debug Singlethreaded|Win32
		{78B079BD-9FC7-4B9E-B4A6-96DA0F00248B}.Debug Singlethreaded|Mixed Platforms.Build.0 = Debug Singlethreaded|Win32
		{78B079BD-9FC7-4B9E-B4A6-96DA0F00248B}.Debug Singlethreaded|Win32.ActiveCfg = Debug Singlethreaded|Win32
		{78B079BD-9FC7-4B9E-B4A6-96DA0F00248B}.Debug Singlethreaded|Win32.Build.0 = Debug Singlethreaded|Win32
		{78B079BD-9FC7-4B9E-B4A6-96DA0F00248B}.Debug Singlethreaded|x64.ActiveCfg = Debug Singlethreaded|x64
		{78B079BD-9FC7-4B9E-B4A6-96DA0F00248B}.Debug Singlethreaded|x64.Build.0 = Debug Singlethreaded|x64
		{78B079BD-9FC7-4B9E-B4A6-96DA0F00248B}.Debug|ARM.ActiveCfg = Debug|Win32
		{78B079BD-9FC7-4B9E-B4A6-96DA0F00248B}.Debug|Mixed Platforms.ActiveCfg = Debug|Win32
		{78B079BD-9FC7-4B9E-B4A6-96DA0F00248B}.Debug|Mixed Platforms.Build.0 = Debug|Win32
		{78B079BD-9FC7-4B9E-B4A6-96DA0F00248B}.Debug|Win32.ActiveCfg = Debug|Win32
		{78B079BD-9FC7-4B9E-B4A6-96DA0F00248B}.Debug|Win32.Build.0 = Debug|Win32
		{78B079BD-9FC7-4B9E-B4A6-96DA0F00248B}.Debug|x64.ActiveCfg = Debug|x64
		{78B079BD-9FC7-4B9E-B4A6-96DA0F00248B}.Debug|x64.Build.0 = Debug|x64
		{78B079BD-9FC7-4B9E-B4A6-96DA0F00248B}.MinSizeRel|ARM.ActiveCfg = Debug Multithreaded|Win32
		{78B079BD-9FC7-4B9E-B4A6-96DA0F00248B}.MinSizeRel|Mixed Platforms.ActiveCfg = Debug Multithreaded|Win32
		{78B079BD-9FC7-4B9E-B4A6-96DA0F00248B}.MinSizeRel|Mixed Platforms.Build.0 = Debug Multithreaded|Win32
		{78B079BD-9FC7-4B9E-B4A6-96DA0F00248B}.MinSizeRel|Win32.ActiveCfg = Debug Multithreaded|Win32
		{78B079BD-9FC7-4B9E-B4A6-96DA0F00248B}.MinSizeRel|Win32.Build.0 = Debug Multithreaded|Win32
		{78B079BD-9FC7-4B9E-B4A6-96DA0F00248B}.MinSizeRel|x64.ActiveCfg = Debug Multithreaded|x64
		{78B079BD-9FC7-4B9E-B4A6-96DA0F00248B}.MinSizeRel|x64.Build.0 = Debug Multithreaded|x64
		{78B079BD-9FC7-4B9E-B4A6-96DA0F00248B}.Release Multithreaded|ARM.ActiveCfg = Release Multithreaded|Win32
		{78B079BD-9FC7-4B9E-B4A6-96DA0F00248B}.Release Multithreaded|Mixed Platforms.ActiveCfg = Release Multithreaded|Win32
		{78B079BD-9FC7-4B9E-B4A6-96DA0F00248B}.Release Multithreaded|Mixed Platforms.Build.0 = Release Multithreaded|Win32
		{78B079BD-9FC7-4B9E-B4A6-96DA0F00248B}.Release Multithreaded|Win32.ActiveCfg = Release Multithreaded|Win32
		{78B079BD-9FC7-4B9E-B4A6-96DA0F00248B}.Release Multithreaded|Win32.Build.0 = Release Multithreaded|Win32
		{78B079BD-9FC7-4B9E-B4A6-96DA0F00248B}.Release Multithreaded|x64.ActiveCfg = Release Multithreaded|x64
		{78B079BD-9FC7-4B9E-B4A6-96DA0F00248B}.Release Multithreaded|x64.Build.0 = Release Multithreaded|x64
		{78B079BD-9FC7-4B9E-B4A6-96DA0F00248B}.Release MX|ARM.ActiveCfg = Release Multithreaded|Win32
		{78B079BD-9FC7-4B9E-B4A6-96DA0F00248B}.Release MX|Mixed Platforms.ActiveCfg = Release Multithreaded|Win32
		{78B079BD-9FC7-4B9E-B4A6-96DA0F00248B}.Release MX|Mixed Platforms.Build.0 = Release Multithreaded|Win32
		{78B079BD-9FC7-4B9E-B4A6-96DA0F00248B}.Release MX|Win32.ActiveCfg = Release Multithreaded|Win32
		{78B079BD-9FC7-4B9E-B4A6-96DA0F00248B}.Release MX|Win32.Build.0 = Release Multithreaded|Win32
		{78B079BD-9FC7-4B9E-B4A6-96DA0F00248B}.Release MX|x64.ActiveCfg = Release Multithreaded|x64
		{78B079BD-9FC7-4B9E-B4A6-96DA0F00248B}.Release MX|x64.Build.0 = Release Multithreaded|x64
		{78B079BD-9FC7-4B9E-B4A6-96DA0F00248B}.Release Singlethreaded|ARM.ActiveCfg = Release Singlethreaded|Win32
		{78B079BD-9FC7-4B9E-B4A6-96DA0F00248B}.Release Singlethreaded|Mixed Platforms.ActiveCfg = Release Singlethreaded|Win32
		{78B079BD-9FC7-4B9E-B4A6-96DA0F00248B}.Release Singlethreaded|Mixed Platforms.Build.0 = Release Singlethreaded|Win32
		{78B079BD-9FC7-4B9E-B4A6-96DA0F00248B}.Release Singlethreaded|Win32.ActiveCfg = Release Singlethreaded|Win32
		{78B079BD-9FC7-4B9E-B4A6-96DA0F00248B}.Release Singlethreaded|Win32.Build.0 = Release Singlethreaded|Win32
		{78B079BD-9FC7-4B9E-B4A6-96DA0F00248B}.Release Singlethreaded|x64.ActiveCfg = Release Singlethreaded|x64
		{78B079BD-9FC7-4B9E-B4A6-96DA0F00248B}.Release Singlethreaded|x64.Build.0 = Release Singlethreaded|x64
		{78B079BD-9FC7-4B9E-B4A6-96DA0F00248B}.Release|ARM.ActiveCfg = Release|Win32
		{78B079BD-9FC7-4B9E-B4A6-96DA0F00248B}.Release|Mixed Platforms.ActiveCfg = Release|Win32
		{78B079BD-9FC7-4B9E-B4A6-96DA0F00248B}.Release|Mixed Platforms.Build.0 = Release|Win32
		{78B079BD-9FC7-4B9E-B4A6-96DA0F00248B}.Release|Win32.ActiveCfg = Release|Win32
		{78B079BD-9FC7-4B9E-B4A6-96DA0F00248B}.Release|Win32.Build.0 = Release|Win32
		{78B079BD-9FC7-4B9E-B4A6-96DA0F00248B}.Release|x64.ActiveCfg = Release|x64
		{78B079BD-9FC7-4B9E-B4A6-96DA0F00248B}.Release|x64.Build.0 = Release|x64
		{78B079BD-9FC7-4B9E-B4A6-96DA0F00248B}.RelWithDebInfo|ARM.ActiveCfg = Release Multithreaded|Win32
		{78B079BD-9FC7-4B9E-B4A6-96DA0F00248B}.RelWithDebInfo|Mixed Platforms.ActiveCfg = Release Multithreaded|Win32
		{78B079BD-9FC7-4B9E-B4A6-96DA0F00248B}.RelWithDebInfo|Mixed Platforms.Build.0 = Release Multithreaded|Win32
		{78B079BD-9FC7-4B9E-B4A6-96DA0F00248B}.RelWithDebInfo|Win32.ActiveCfg = Release Multithreaded|Win32
		{78B079BD-9FC7-4B9E-B4A6-96DA0F00248B}.RelWithDebInfo|Win32.Build.0 = Release Multithreaded|Win32
		{78B079BD-9FC7-4B9E-B4A6-96DA0F00248B}.RelWithDebInfo|x64.ActiveCfg = Release Multithreaded|x64
		{78B079BD-9FC7-4B9E-B4A6-96DA0F00248B}.RelWithDebInfo|x64.Build.0 = Release Multithreaded|x64
		{BE94D4A8-8B8F-4057-8BF3-0E5FFE36559D}.Debug Multithreaded|ARM.ActiveCfg = Debug|x64
		{BE94D4A8-8B8F-4057-8BF3-0E5FFE36559D}.Debug Multithreaded|Mixed Platforms.ActiveCfg = Debug|x64
		{BE94D4A8-8B8F-4057-8BF3-0E5FFE36559D}.Debug Multithreaded|Mixed Platforms.Build.0 = Debug|x64
		{BE94D4A8-8B8F-4057-8BF3-0E5FFE36559D}.Debug Multithreaded|Win32.ActiveCfg = Debug|x64
		{BE94D4A8-8B8F-4057-8BF3-0E5FFE36559D}.Debug Multithreaded|x64.ActiveCfg = Debug|x64
		{BE94D4A8-8B8F-4057-8BF3-0E5FFE36559D}.Debug Multithreaded|x64.Build.0 = Debug|x64
		{BE94D4A8-8B8F-4057-8BF3-0E5FFE36559D}.Debug MX|ARM.ActiveCfg = Debug|x64
		{BE94D4A8-8B8F-4057-8BF3-0E5FFE36559D}.Debug MX|Mixed Platforms.ActiveCfg = Debug|x64
		{BE94D4A8-8B8F-4057-8BF3-0E5FFE36559D}.Debug MX|Mixed Platforms.Build.0 = Debug|x64
		{BE94D4A8-8B8F-4057-8BF3-0E5FFE36559D}.Debug MX|Win32.ActiveCfg = Debug|x64
		{BE94D4A8-8B8F-4057-8BF3-0E5FFE36559D}.Debug MX|x64.ActiveCfg = Debug|x64
		{BE94D4A8-8B8F-4057-8BF3-0E5FFE36559D}.Debug MX|x64.Build.0 = Debug|x64
		{BE94D4A8-8B8F-4057-8BF3-0E5FFE36559D}.Debug Singlethreaded|ARM.ActiveCfg = Debug|x64
		{BE94D4A8-8B8F-4057-8BF3-0E5FFE36559D}.Debug Singlethreaded|Mixed Platforms.ActiveCfg = Debug|x64
		{BE94D4A8-8B8F-4057-8BF3-0E5FFE36559D}.Debug Singlethreaded|Mixed Platforms.Build.0 = Debug|x64
		{BE94D4A8-8B8F-4057-8BF3-0E5FFE36559D}.Debug Singlethreaded|Win32.ActiveCfg = Debug|x64
		{BE94D4A8-8B8F-4057-8BF3-0E5FFE36559D}.Debug Singlethreaded|x64.ActiveCfg = Debug|x64
		{BE94D4A8-8B8F-4057-8BF3-0E5FFE36559D}.Debug Singlethreaded|x64.Build.0 = Debug|x64
		{BE94D4A8-8B8F-4057-8BF3-0E5FFE36559D}.Debug|ARM.ActiveCfg = Debug|x64
		{BE94D4A8-8B8F-4057-8BF3-0E5FFE36559D}.Debug|Mixed Platforms.ActiveCfg = Debug|x64
		{BE94D4A8-8B8F-4057-8BF3-0E5FFE36559D}.Debug|Mixed Platforms.Build.0 = Debug|x64
		{BE94D4A8-8B8F-4057-8BF3-0E5FFE36559D}.Debug|Win32.ActiveCfg = Debug|Win32
		{BE94D4A8-8B8F-4057-8BF3-0E5FFE36559D}.Debug|Win32.Build.0 = Debug|Win32
		{BE94D4A8-8B8F-4057-8BF3-0E5FFE36559D}.Debug|x64.ActiveCfg = Debug|x64
		{BE94D4A8-8B8F-4057-8BF3-0E5FFE36559D}.Debug|x64.Build.0 = Debug|x64
		{BE94D4A8-8B8F-4057-8BF3-0E5FFE36559D}.MinSizeRel|ARM.ActiveCfg = MinSizeRel|x64
		{BE94D4A8-8B8F-4057-8BF3-0E5FFE36559D}.MinSizeRel|Mixed Platforms.ActiveCfg = MinSizeRel|x64
		{BE94D4A8-8B8F-4057-8BF3-0E5FFE36559D}.MinSizeRel|Mixed Platforms.Build.0 = MinSizeRel|x64
		{BE94D4A8-8B8F-4057-8BF3-0E5FFE36559D}.MinSizeRel|Win32.ActiveCfg = MinSizeRel|x64
		{BE94D4A8-8B8F-4057-8BF3-0E5FFE36559D}.MinSizeRel|x64.ActiveCfg = MinSizeRel|x64
		{BE94D4A8-8B8F-4057-8BF3-0E5FFE36559D}.MinSizeRel|x64.Build.0 = MinSizeRel|x64
		{BE94D4A8-8B8F-4057-8BF3-0E5FFE36559D}.Release Multithreaded|ARM.ActiveCfg = Release|x64
		{BE94D4A8-8B8F-4057-8BF3-0E5FFE36559D}.Release Multithreaded|Mixed Platforms.ActiveCfg = Release|x64
		{BE94D4A8-8B8F-4057-8BF3-0E5FFE36559D}.Release Multithreaded|Mixed Platforms.Build.0 = Release|x64
		{BE94D4A8-8B8F-4057-8BF3-0E5FFE36559D}.Release Multithreaded|Win32.ActiveCfg = Release|x64
		{BE94D4A8-8B8F-4057-8BF3-0E5FFE36559D}.Release Multithreaded|x64.ActiveCfg = Release|x64
		{BE94D4A8-8B8F-4057-8BF3-0E5FFE36559D}.Release Multithreaded|x64.Build.0 = Release|x64
		{BE94D4A8-8B8F-4057-8BF3-0E5FFE36559D}.Release MX|ARM.ActiveCfg = Release|x64
		{BE94D4A8-8B8F-4057-8BF3-0E5FFE36559D}.Release MX|Mixed Platforms.ActiveCfg = Release|x64
		{BE94D4A8-8B8F-4057-8BF3-0E5FFE36559D}.Release MX|Mixed Platforms.Build.0 = Release|x64
		{BE94D4A8-8B8F-4057-8BF3-0E5FFE36559D}.Release MX|Win32.ActiveCfg = Release|x64
		{BE94D4A8-8B8F-4057-8BF3-0E5FFE36559D}.Release MX|x64.ActiveCfg = Release|x64
		{BE94D4A8-8B8F-4057-8BF3-0E5FFE36559D}.Release MX|x64.Build.0 = Release|x64
		{BE94D4A8-8B8F-4057-8BF3-0E5FFE36559D}.Release Singlethreaded|ARM.ActiveCfg = Release|x64
		{BE94D4A8-8B8F-4057-8BF3-0E5FFE36559D}.Release Singlethreaded|Mixed Platforms.ActiveCfg = Release|x64
		{BE94D4A8-8B8F-4057-8BF3-0E5FFE36559D}.Release Singlethreaded|Mixed Platforms.Build.0 = Release|x64
		{BE94D4A8-8B8F-4057-8BF3-0E5FFE36559D}.Release Singlethreaded|Win32.ActiveCfg = Release|x64
		{BE94D4A8-8B8F-4057-8BF3-0E5FFE36559D}.Release Singlethreaded|x64.ActiveCfg = Release|x64
		{BE94D4A8-8B8F-4057-8BF3-0E5FFE36559D}.Release Singlethreaded|x64.Build.0 = Release|x64
		{BE94D4A8-8B8F-4057-8BF3-0E5FFE36559D}.Release|ARM.ActiveCfg = Release|x64
		{BE94D4A8-8B8F-4057-8BF3-0E5FFE36559D}.Release|Mixed Platforms.ActiveCfg = Release|x64
		{BE94D4A8-8B8F-4057-8BF3-0E5FFE36559D}.Release|Mixed Platforms.Build.0 = Release|x64
		{BE94D4A8-8B8F-4057-8BF3-0E5FFE36559D}.Release|Win32.ActiveCfg = Release|x64
		{BE94D4A8-8B8F-4057-8BF3-0E5FFE36559D}.Release|x64.ActiveCfg = Release|x64
		{BE94D4A8-8B8F-4057-8BF3-0E5FFE36559D}.Release|x64.Build.0 = Release|x64
		{BE94D4A8-8B8F-4057-8BF3-0E5FFE36559D}.RelWithDebInfo|ARM.ActiveCfg = RelWithDebInfo|x64
		{BE94D4A8-8B8F-4057-8BF3-0E5FFE36559D}.RelWithDebInfo|Mixed Platforms.ActiveCfg = RelWithDebInfo|x64
		{BE94D4A8-8B8F-4057-8BF3-0E5FFE36559D}.RelWithDebInfo|Mixed Platforms.Build.0 = RelWithDebInfo|x64
		{BE94D4A8-8B8F-4057-8BF3-0E5FFE36559D}.RelWithDebInfo|Win32.ActiveCfg = RelWithDebInfo|x64
		{BE94D4A8-8B8F-4057-8BF3-0E5FFE36559D}.RelWithDebInfo|x64.ActiveCfg = RelWithDebInfo|x64
		{BE94D4A8-8B8F-4057-8BF3-0E5FFE36559D}.RelWithDebInfo|x64.Build.0 = RelWithDebInfo|x64
		{80136991-48D2-40DF-9345-17C8AFE0147D}.Debug Multithreaded|ARM.ActiveCfg = Debug|x64
		{80136991-48D2-40DF-9345-17C8AFE0147D}.Debug Multithreaded|Mixed Platforms.ActiveCfg = Debug|x64
		{80136991-48D2-40DF-9345-17C8AFE0147D}.Debug Multithreaded|Mixed Platforms.Build.0 = Debug|x64
		{80136991-48D2-40DF-9345-17C8AFE0147D}.Debug Multithreaded|Win32.ActiveCfg = Debug|x64
		{80136991-48D2-40DF-9345-17C8AFE0147D}.Debug Multithreaded|x64.ActiveCfg = Debug|x64
		{80136991-48D2-40DF-9345-17C8AFE0147D}.Debug Multithreaded|x64.Build.0 = Debug|x64
		{80136991-48D2-40DF-9345-17C8AFE0147D}.Debug MX|ARM.ActiveCfg = Debug|x64
		{80136991-48D2-40DF-9345-17C8AFE0147D}.Debug MX|Mixed Platforms.ActiveCfg = Debug|x64
		{80136991-48D2-40DF-9345-17C8AFE0147D}.Debug MX|Mixed Platforms.Build.0 = Debug|x64
		{80136991-48D2-40DF-9345-17C8AFE0147D}.Debug MX|Win32.ActiveCfg = Debug|x64
		{80136991-48D2-40DF-9345-17C8AFE0147D}.Debug MX|x64.ActiveCfg = Debug|x64
		{80136991-48D2-40DF-9345-17C8AFE0147D}.Debug MX|x64.Build.0 = Debug|x64
		{80136991-48D2-40DF-9345-17C8AFE0147D}.Debug Singlethreaded|ARM.ActiveCfg = Debug|x64
		{80136991-48D2-40DF-9345-17C8AFE0147D}.Debug Singlethreaded|Mixed Platforms.ActiveCfg = Debug|x64
		{80136991-48D2-40DF-9345-17C8AFE0147D}.Debug Singlethreaded|Mixed Platforms.Build.0 = Debug|x64
		{80136991-48D2-40DF-9345-17C8AFE0147D}.Debug Singlethreaded|Win32.ActiveCfg = Debug|x64
		{80136991-48D2-40DF-9345-17C8AFE0147D}.Debug Singlethreaded|x64.ActiveCfg = Debug|x64
		{80136991-48D2-40DF-9345-17C8AFE0147D}.Debug Singlethreaded|x64.Build.0 = Debug|x64
		{80136991-48D2-40DF-9345-17C8AFE0147D}.Debug|ARM.ActiveCfg = Debug|x64
		{80136991-48D2-40DF-9345-17C8AFE0147D}.Debug|Mixed Platforms.ActiveCfg = Debug|x64
		{80136991-48D2-40DF-9345-17C8AFE0147D}.Debug|Mixed Platforms.Build.0 = Debug|x64
		{80136991-48D2-40DF-9345-17C8AFE0147D}.Debug|Win32.ActiveCfg = Debug|Win32
		{80136991-48D2-40DF-9345-17C8AFE0147D}.Debug|Win32.Build.0 = Debug|Win32
		{80136991-48D2-40DF-9345-17C8AFE0147D}.Debug|x64.ActiveCfg = Debug|x64
		{80136991-48D2-40DF-9345-17C8AFE0147D}.Debug|x64.Build.0 = Debug|x64
		{80136991-48D2-40DF-9345-17C8AFE0147D}.MinSizeRel|ARM.ActiveCfg = MinSizeRel|x64
		{80136991-48D2-40DF-9345-17C8AFE0147D}.MinSizeRel|Mixed Platforms.ActiveCfg = MinSizeRel|x64
		{80136991-48D2-40DF-9345-17C8AFE0147D}.MinSizeRel|Mixed Platforms.Build.0 = MinSizeRel|x64
		{80136991-48D2-40DF-9345-17C8AFE0147D}.MinSizeRel|Win32.ActiveCfg = MinSizeRel|x64
		{80136991-48D2-40DF-9345-17C8AFE0147D}.MinSizeRel|x64.ActiveCfg = MinSizeRel|x64
		{80136991-48D2-40DF-9345-17C8AFE0147D}.MinSizeRel|x64.Build.0 = MinSizeRel|x64
		{80136991-48D2-40DF-9345-17C8AFE0147D}.Release Multithreaded|ARM.ActiveCfg = Release|x64
		{80136991-48D2-40DF-9345-17C8AFE0147D}.Release Multithreaded|Mixed Platforms.ActiveCfg = Release|x64
		{80136991-48D2-40DF-9345-17C8AFE0147D}.Release Multithreaded|Mixed Platforms.Build.0 = Release|x64
		{80136991-48D2-40DF-9345-17C8AFE0147D}.Release Multithreaded|Win32.ActiveCfg = Release|x64
		{80136991-48D2-40DF-9345-17C8AFE0147D}.Release Multithreaded|x64.ActiveCfg = Release|x64
		{80136991-48D2-40DF-9345-17C8AFE0147D}.Release Multithreaded|x64.Build.0 = Release|x64
		{80136991-48D2-40DF-9345-17C8AFE0147D}.Release MX|ARM.ActiveCfg = Release|x64
		{80136991-48D2-40DF-9345-17C8AFE0147D}.Release MX|Mixed Platforms.ActiveCfg = Release|x64
		{80136991-48D2-40DF-9345-17C8AFE0147D}.Release MX|Mixed Platforms.Build.0 = Release|x64
		{80136991-48D2-40DF-9345-17C8AFE0147D}.Release MX|Win32.ActiveCfg = Release|x64
		{80136991-48D2-40DF-9345-17C8AFE0147D}.Release MX|x64.ActiveCfg = Release|x64
		{80136991-48D2-40DF-9345-17C8AFE0147D}.Release MX|x64.Build.0 = Release|x64
		{80136991-48D2-40DF-9345-17C8AFE0147D}.Release Singlethreaded|ARM.ActiveCfg = Release|x64
		{80136991-48D2-40DF-9345-17C8AFE0147D}.Release Singlethreaded|Mixed Platforms.ActiveCfg = Release|x64
		{80136991-48D2-40DF-9345-17C8AFE0147D}.Release Singlethreaded|Mixed Platforms.Build.0 = Release|x64
		{80136991-48D2-40DF-9345-17C8AFE0147D}.Release Singlethreaded|Win32.ActiveCfg = Release|x64
		{80136991-48D2-40DF-9345-17C8AFE0147D}.Release Singlethreaded|x64.ActiveCfg = Release|x64
		{80136991-48D2-40DF-9345-17C8AFE0147D}.Release Singlethreaded|x64.Build.0 = Release|x64
		{80136991-48D2-40DF-9345-17C8AFE0147D}.Release|ARM.ActiveCfg = Release|x64
		{80136991-48D2-40DF-9345-17C8AFE0147D}.Release|Mixed Platforms.ActiveCfg = Release|x64
		{80136991-48D2-40DF-9345-17C8AFE0147D}.Release|Mixed Platforms.Build.0 = Release|x64
		{80136991-48D2-40DF-9345-17C8AFE0147D}.Release|Win32.ActiveCfg = Release|x64
		{80136991-48D2-40DF-9345-17C8AFE0147D}.Release|x64.ActiveCfg = Release|x64
		{80136991-48D2-40DF-9345-17C8AFE0147D}.Release|x64.Build.0 = Release|x64
		{80136991-48D2-40DF-9345-17C8AFE0147D}.RelWithDebInfo|ARM.ActiveCfg = RelWithDebInfo|x64
		{80136991-48D2-40DF-9345-17C8AFE0147D}.RelWithDebInfo|Mixed Platforms.ActiveCfg = RelWithDebInfo|x64
		{80136991-48D2-40DF-9345-17C8AFE0147D}.RelWithDebInfo|Mixed Platforms.Build.0 = RelWithDebInfo|x64
		{80136991-48D2-40DF-9345-17C8AFE0147D}.RelWithDebInfo|Win32.ActiveCfg = RelWithDebInfo|x64
		{80136991-48D2-40DF-9345-17C8AFE0147D}.RelWithDebInfo|x64.ActiveCfg = RelWithDebInfo|x64
		{80136991-48D2-40DF-9345-17C8AFE0147D}.RelWithDebInfo|x64.Build.0 = RelWithDebInfo|x64
		{5D684E1E-7AA6-4487-9790-A2CA41AC576B}.Debug Multithreaded|ARM.ActiveCfg = Debug|Win32
		{5D684E1E-7AA6-4487-9790-A2CA41AC576B}.Debug Multithreaded|Mixed Platforms.ActiveCfg = Debug|Win32
		{5D684E1E-7AA6-4487-9790-A2CA41AC576B}.Debug Multithreaded|Mixed Platforms.Build.0 = Debug|Win32
		{5D684E1E-7AA6-4487-9790-A2CA41AC576B}.Debug Multithreaded|Win32.ActiveCfg = Debug|Win32
		{5D684E1E-7AA6-4487-9790-A2CA41AC576B}.Debug Multithreaded|Win32.Build.0 = Debug|Win32
		{5D684E1E-7AA6-4487-9790-A2CA41AC576B}.Debug Multithreaded|x64.ActiveCfg = Debug|Win32
		{5D684E1E-7AA6-4487-9790-A2CA41AC576B}.Debug MX|ARM.ActiveCfg = Debug|Win32
		{5D684E1E-7AA6-4487-9790-A2CA41AC576B}.Debug MX|Mixed Platforms.ActiveCfg = Debug|Win32
		{5D684E1E-7AA6-4487-9790-A2CA41AC576B}.Debug MX|Mixed Platforms.Build.0 = Debug|Win32
		{5D684E1E-7AA6-4487-9790-A2CA41AC576B}.Debug MX|Win32.ActiveCfg = Debug|Win32
		{5D684E1E-7AA6-4487-9790-A2CA41AC576B}.Debug MX|Win32.Build.0 = Debug|Win32
		{5D684E1E-7AA6-4487-9790-A2CA41AC576B}.Debug MX|x64.ActiveCfg = Debug|Win32
		{5D684E1E-7AA6-4487-9790-A2CA41AC576B}.Debug Singlethreaded|ARM.ActiveCfg = Debug|Win32
		{5D684E1E-7AA6-4487-9790-A2CA41AC576B}.Debug Singlethreaded|Mixed Platforms.ActiveCfg = Debug|Win32
		{5D684E1E-7AA6-4487-9790-A2CA41AC576B}.Debug Singlethreaded|Mixed Platforms.Build.0 = Debug|Win32
		{5D684E1E-7AA6-4487-9790-A2CA41AC576B}.Debug Singlethreaded|Win32.ActiveCfg = Debug|Win32
		{5D684E1E-7AA6-4487-9790-A2CA41AC576B}.Debug Singlethreaded|Win32.Build.0 = Debug|Win32
		{5D684E1E-7AA6-4487-9790-A2CA41AC576B}.Debug Singlethreaded|x64.ActiveCfg = Debug|Win32
		{5D684E1E-7AA6-4487-9790-A2CA41AC576B}.Debug|ARM.ActiveCfg = Debug|Win32
		{5D684E1E-7AA6-4487-9790-A2CA41AC576B}.Debug|Mixed Platforms.ActiveCfg = Debug|Win32
		{5D684E1E-7AA6-4487-9790-A2CA41AC576B}.Debug|Mixed Platforms.Build.0 = Debug|Win32
		{5D684E1E-7AA6-4487-9790-A2CA41AC576B}.Debug|Win32.ActiveCfg = Debug|Win32
		{5D684E1E-7AA6-4487-9790-A2CA41AC576B}.Debug|Win32.Build.0 = Debug|Win32
		{5D684E1E-7AA6-4487-9790-A2CA41AC576B}.Debug|x64.ActiveCfg = Debug|Win32
		{5D684E1E-7AA6-4487-9790-A2CA41AC576B}.MinSizeRel|ARM.ActiveCfg = Release|Win32
		{5D684E1E-7AA6-4487-9790-A2CA41AC576B}.MinSizeRel|Mixed Platforms.ActiveCfg = Release|Win32
		{5D684E1E-7AA6-4487-9790-A2CA41AC576B}.MinSizeRel|Mixed Platforms.Build.0 = Release|Win32
		{5D684E1E-7AA6-4487-9790-A2CA41AC576B}.MinSizeRel|Win32.ActiveCfg = Release|Win32
		{5D684E1E-7AA6-4487-9790-A2CA41AC576B}.MinSizeRel|Win32.Build.0 = Release|Win32
		{5D684E1E-7AA6-4487-9790-A2CA41AC576B}.MinSizeRel|x64.ActiveCfg = Release|Win32
		{5D684E1E-7AA6-4487-9790-A2CA41AC576B}.Release Multithreaded|ARM.ActiveCfg = Release|Win32
		{5D684E1E-7AA6-4487-9790-A2CA41AC576B}.Release Multithreaded|Mixed Platforms.ActiveCfg = Release|Win32
		{5D684E1E-7AA6-4487-9790-A2CA41AC576B}.Release Multithreaded|Mixed Platforms.Build.0 = Release|Win32
		{5D684E1E-7AA6-4487-9790-A2CA41AC576B}.Release Multithreaded|Win32.ActiveCfg = Release|Win32
		{5D684E1E-7AA6-4487-9790-A2CA41AC576B}.Release Multithreaded|Win32.Build.0 = Release|Win32
		{5D684E1E-7AA6-4487-9790-A2CA41AC576B}.Release Multithreaded|x64.ActiveCfg = Release|Win32
		{5D684E1E-7AA6-4487-9790-A2CA41AC576B}.Release MX|ARM.ActiveCfg = Release|Win32
		{5D684E1E-7AA6-4487-9790-A2CA41AC576B}.Release MX|Mixed Platforms.ActiveCfg = Release|Win32
		{5D684E1E-7AA6-4487-9790-A2CA41AC576B}.Release MX|Mixed Platforms.Build.0 = Release|Win32
		{5D684E1E-7AA6-4487-9790-A2CA41AC576B}.Release MX|Win32.ActiveCfg = Release|Win32
		{5D684E1E-7AA6-4487-9790-A2CA41AC576B}.Release MX|Win32.Build.0 = Release|Win32
		{5D684E1E-7AA6-4487-9790-A2CA41AC576B}.Release MX|x64.ActiveCfg = Release|Win32
		{5D684E1E-7AA6-4487-9790-A2CA41AC576B}.Release Singlethreaded|ARM.ActiveCfg = Release|Win32
		{5D684E1E-7AA6-4487-9790-A2CA41AC576B}.Release Singlethreaded|Mixed Platforms.ActiveCfg = Release|Win32
		{5D684E1E-7AA6-4487-9790-A2CA41AC576B}.Release Singlethreaded|Mixed Platforms.Build.0 = Release|Win32
		{5D684E1E-7AA6-4487-9790-A2CA41AC576B}.Release Singlethreaded|Win32.ActiveCfg = Release|Win32
		{5D684E1E-7AA6-4487-9790-A2CA41AC576B}.Release Singlethreaded|Win32.Build.0 = Release|Win32
		{5D684E1E-7AA6-4487-9790-A2CA41AC576B}.Release Singlethreaded|x64.ActiveCfg = Release|Win32
		{5D684E1E-7AA6-4487-9790-A2CA41AC576B}.Release|ARM.ActiveCfg = Release|Win32
		{5D684E1E-7AA6-4487-9790-A2CA41AC576B}.Release|Mixed Platforms.ActiveCfg = Release|Win32
		{5D684E1E-7AA6-4487-9790-A2CA41AC576B}.Release|Mixed Platforms.Build.0 = Release|Win32
		{5D684E1E-7AA6-4487-9790-A2CA41AC576B}.Release|Win32.ActiveCfg = Release|Win32
		{5D684E1E-7AA6-4487-9790-A2CA41AC576B}.Release|Win32.Build.0 = Release|Win32
		{5D684E1E-7AA6-4487-9790-A2CA41AC576B}.Release|x64.ActiveCfg = Release|Win32
		{5D684E1E-7AA6-4487-9790-A2CA41AC576B}.RelWithDebInfo|ARM.ActiveCfg = Release|Win32
		{5D684E1E-7AA6-4487-9790-A2CA41AC576B}.RelWithDebInfo|Mixed Platforms.ActiveCfg = Release|Win32
		{5D684E1E-7AA6-4487-9790-A2CA41AC576B}.RelWithDebInfo|Mixed Platforms.Build.0 = Release|Win32
		{5D684E1E-7AA6-4487-9790-A2CA41AC576B}.RelWithDebInfo|Win32.ActiveCfg = Release|Win32
		{5D684E1E-7AA6-4487-9790-A2CA41AC576B}.RelWithDebInfo|Win32.Build.0 = Release|Win32
		{5D684E1E-7AA6-4487-9790-A2CA41AC576B}.RelWithDebInfo|x64.ActiveCfg = Release|Win32
		{2B9C733A-543B-4CE1-B4FC-8626A1F1ABBA}.Debug Multithreaded|ARM.ActiveCfg = Debug|Win32
		{2B9C733A-543B-4CE1-B4FC-8626A1F1ABBA}.Debug Multithreaded|Mixed Platforms.ActiveCfg = Debug|Win32
		{2B9C733A-543B-4CE1-B4FC-8626A1F1ABBA}.Debug Multithreaded|Mixed Platforms.Build.0 = Debug|Win32
		{2B9C733A-543B-4CE1-B4FC-8626A1F1ABBA}.Debug Multithreaded|Win32.ActiveCfg = Debug|Win32
		{2B9C733A-543B-4CE1-B4FC-8626A1F1ABBA}.Debug Multithreaded|Win32.Build.0 = Debug|Win32
		{2B9C733A-543B-4CE1-B4FC-8626A1F1ABBA}.Debug Multithreaded|x64.ActiveCfg = Debug|x64
		{2B9C733A-543B-4CE1-B4FC-8626A1F1ABBA}.Debug Multithreaded|x64.Build.0 = Debug|x64
		{2B9C733A-543B-4CE1-B4FC-8626A1F1ABBA}.Debug MX|ARM.ActiveCfg = Debug|Win32
		{2B9C733A-543B-4CE1-B4FC-8626A1F1ABBA}.Debug MX|Mixed Platforms.ActiveCfg = Debug|Win32
		{2B9C733A-543B-4CE1-B4FC-8626A1F1ABBA}.Debug MX|Mixed Platforms.Build.0 = Debug|Win32
		{2B9C733A-543B-4CE1-B4FC-8626A1F1ABBA}.Debug MX|Win32.ActiveCfg = Debug|Win32
		{2B9C733A-543B-4CE1-B4FC-8626A1F1ABBA}.Debug MX|Win32.Build.0 = Debug|Win32
		{2B9C733A-543B-4CE1-B4FC-8626A1F1ABBA}.Debug MX|x64.ActiveCfg = Debug|x64
		{2B9C733A-543B-4CE1-B4FC-8626A1F1ABBA}.Debug MX|x64.Build.0 = Debug|x64
		{2B9C733A-543B-4CE1-B4FC-8626A1F1ABBA}.Debug Singlethreaded|ARM.ActiveCfg = Debug|Win32
		{2B9C733A-543B-4CE1-B4FC-8626A1F1ABBA}.Debug Singlethreaded|Mixed Platforms.ActiveCfg = Debug|Win32
		{2B9C733A-543B-4CE1-B4FC-8626A1F1ABBA}.Debug Singlethreaded|Mixed Platforms.Build.0 = Debug|Win32
		{2B9C733A-543B-4CE1-B4FC-8626A1F1ABBA}.Debug Singlethreaded|Win32.ActiveCfg = Debug|Win32
		{2B9C733A-543B-4CE1-B4FC-8626A1F1ABBA}.Debug Singlethreaded|Win32.Build.0 = Debug|Win32
		{2B9C733A-543B-4CE1-B4FC-8626A1F1ABBA}.Debug Singlethreaded|x64.ActiveCfg = Debug|x64
		{2B9C733A-543B-4CE1-B4FC-8626A1F1ABBA}.Debug Singlethreaded|x64.Build.0 = Debug|x64
		{2B9C733A-543B-4CE1-B4FC-8626A1F1ABBA}.Debug|ARM.ActiveCfg = Debug|Win32
		{2B9C733A-543B-4CE1-B4FC-8626A1F1ABBA}.Debug|Mixed Platforms.ActiveCfg = Debug|Win32
		{2B9C733A-543B-4CE1-B4FC-8626A1F1ABBA}.Debug|Mixed Platforms.Build.0 = Debug|Win32
		{2B9C733A-543B-4CE1-B4FC-8626A1F1ABBA}.Debug|Win32.ActiveCfg = Debug|Win32
		{2B9C733A-543B-4CE1-B4FC-8626A1F1ABBA}.Debug|Win32.Build.0 = Debug|Win32
		{2B9C733A-543B-4CE1-B4FC-8626A1F1ABBA}.Debug|x64.ActiveCfg = Debug|x64
		{2B9C733A-543B-4CE1-B4FC-8626A1F1ABBA}.Debug|x64.Build.0 = Debug|x64
		{2B9C733A-543B-4CE1-B4FC-8626A1F1ABBA}.MinSizeRel|ARM.ActiveCfg = Release|Win32
		{2B9C733A-543B-4CE1-B4FC-8626A1F1ABBA}.MinSizeRel|Mixed Platforms.ActiveCfg = Release|Win32
		{2B9C733A-543B-4CE1-B4FC-8626A1F1ABBA}.MinSizeRel|Mixed Platforms.Build.0 = Release|Win32
		{2B9C733A-543B-4CE1-B4FC-8626A1F1ABBA}.MinSizeRel|Win32.ActiveCfg = Release|Win32
		{2B9C733A-543B-4CE1-B4FC-8626A1F1ABBA}.MinSizeRel|Win32.Build.0 = Release|Win32
		{2B9C733A-543B-4CE1-B4FC-8626A1F1ABBA}.MinSizeRel|x64.ActiveCfg = Release|x64
		{2B9C733A-543B-4CE1-B4FC-8626A1F1ABBA}.MinSizeRel|x64.Build.0 = Release|x64
		{2B9C733A-543B-4CE1-B4FC-8626A1F1ABBA}.Release Multithreaded|ARM.ActiveCfg = Release|Win32
		{2B9C733A-543B-4CE1-B4FC-8626A1F1ABBA}.Release Multithreaded|Mixed Platforms.ActiveCfg = Release|Win32
		{2B9C733A-543B-4CE1-B4FC-8626A1F1ABBA}.Release Multithreaded|Mixed Platforms.Build.0 = Release|Win32
		{2B9C733A-543B-4CE1-B4FC-8626A1F1ABBA}.Release Multithreaded|Win32.ActiveCfg = Release|Win32
		{2B9C733A-543B-4CE1-B4FC-8626A1F1ABBA}.Release Multithreaded|Win32.Build.0 = Release|Win32
		{2B9C733A-543B-4CE1-B4FC-8626A1F1ABBA}.Release Multithreaded|x64.ActiveCfg = Release|x64
		{2B9C733A-543B-4CE1-B4FC-8626A1F1ABBA}.Release Multithreaded|x64.Build.0 = Release|x64
		{2B9C733A-543B-4CE1-B4FC-8626A1F1ABBA}.Release MX|ARM.ActiveCfg = Release|Win32
		{2B9C733A-543B-4CE1-B4FC-8626A1F1ABBA}.Release MX|Mixed Platforms.ActiveCfg = Release|Win32
		{2B9C733A-543B-4CE1-B4FC-8626A1F1ABBA}.Release MX|Mixed Platforms.Build.0 = Release|Win32
		{2B9C733A-543B-4CE1-B4FC-8626A1F1ABBA}.Release MX|Win32.ActiveCfg = Release|Win32
		{2B9C733A-543B-4CE1-B4FC-8626A1F1ABBA}.Release MX|Win32.Build.0 = Release|Win32
		{2B9C733A-543B-4CE1-B4FC-8626A1F1ABBA}.Release MX|x64.ActiveCfg = Release|x64
		{2B9C733A-543B-4CE1-B4FC-8626A1F1ABBA}.Release MX|x64.Build.0 = Release|x64
		{2B9C733A-543B-4CE1-B4FC-8626A1F1ABBA}.Release Singlethreaded|ARM.ActiveCfg = Release|Win32
		{2B9C733A-543B-4CE1-B4FC-8626A1F1ABBA}.Release Singlethreaded|Mixed Platforms.ActiveCfg = Release|Win32
		{2B9C733A-543B-4CE1-B4FC-8626A1F1ABBA}.Release Singlethreaded|Mixed Platforms.Build.0 = Release|Win32
		{2B9C733A-543B-4CE1-B4FC-8626A1F1ABBA}.Release Singlethreaded|Win32.ActiveCfg = Release|Win32
		{2B9C733A-543B-4CE1-B4FC-8626A1F1ABBA}.Release Singlethreaded|Win32.Build.0 = Release|Win32
		{2B9C733A-543B-4CE1-B4FC-8626A1F1ABBA}.Release Singlethreaded|x64.ActiveCfg = Release|x64
		{2B9C733A-543B-4CE1-B4FC-8626A1F1ABBA}.Release Singlethreaded|x64.Build.0 = Release|x64
		{2B9C733A-543B-4CE1-B4FC-8626A1F1ABBA}.Release|ARM.ActiveCfg = Release|Win32
		{2B9C733A-543B-4CE1-B4FC-8626A1F1ABBA}.Release|Mixed Platforms.ActiveCfg = Release|Win32
		{2B9C733A-543B-4CE1-B4FC-8626A1F1ABBA}.Release|Mixed Platforms.Build.0 = Release|Win32
		{2B9C733A-543B-4CE1-B4FC-8626A1F1ABBA}.Release|Win32.ActiveCfg = Release|Win32
		{2B9C733A-543B-4CE1-B4FC-8626A1F1ABBA}.Release|Win32.Build.0 = Release|Win32
		{2B9C733A-543B-4CE1-B4FC-8626A1F1ABBA}.Release|x64.ActiveCfg = Release|x64
		{2B9C733A-543B-4CE1-B4FC-8626A1F1ABBA}.Release|x64.Build.0 = Release|x64
		{2B9C733A-543B-4CE1-B4FC-8626A1F1ABBA}.RelWithDebInfo|ARM.ActiveCfg = Release|Win32
		{2B9C733A-543B-4CE1-B4FC-8626A1F1ABBA}.RelWithDebInfo|Mixed Platforms.ActiveCfg = Release|Win32
		{2B9C733A-543B-4CE1-B4FC-8626A1F1ABBA}.RelWithDebInfo|Mixed Platforms.Build.0 = Release|Win32
		{2B9C733A-543B-4CE1-B4FC-8626A1F1ABBA}.RelWithDebInfo|Win32.ActiveCfg = Release|Win32
		{2B9C733A-543B-4CE1-B4FC-8626A1F1ABBA}.RelWithDebInfo|Win32.Build.0 = Release|Win32
		{2B9C733A-543B-4CE1-B4FC-8626A1F1ABBA}.RelWithDebInfo|x64.ActiveCfg = Release|x64
		{2B9C733A-543B-4CE1-B4FC-8626A1F1ABBA}.RelWithDebInfo|x64.Build.0 = Release|x64
	EndGlobalSection
	GlobalSection(SolutionProperties) = preSolution
		HideSolutionNode = FALSE
	EndGlobalSection
EndGlobal
